
Microsoft Visual Studio Solution File, Format Version 12.00
# Visual Studio Version 16
VisualStudioVersion = 25.0.1704.4
MinimumVisualStudioVersion = 10.0.40219.1
Project("{FAE04EC0-301F-11D3-BF4B-00C04F79EFBC}") = "QuizMaker.Plugins.CsvExport", "QuizMaker.Plugins.CsvExport.csproj", "{A78FACF0-D89E-4F6E-860F-8102149D7572}"
EndProject
Global
	GlobalSection(SolutionConfigurationPlatforms) = preSolution
		Debug|Any CPU = Debug|Any CPU
		Release|Any CPU = Release|Any CPU
	EndGlobalSection
	GlobalSection(ProjectConfigurationPlatforms) = postSolution
		{A78FACF0-D89E-4F6E-860F-8102149D7572}.Debug|Any CPU.ActiveCfg = Debug|Any CPU
		{A78FACF0-D89E-4F6E-860F-8102149D7572}.Debug|Any CPU.Build.0 = Debug|Any CPU
		{A78FACF0-D89E-4F6E-860F-8102149D7572}.Release|Any CPU.ActiveCfg = Release|Any CPU
		{A78FACF0-D89E-4F6E-860F-8102149D7572}.Release|Any CPU.Build.0 = Release|Any CPU
	EndGlobalSection
	GlobalSection(SolutionProperties) = preSolution
		HideSolutionNode = FALSE
	EndGlobalSection
	GlobalSection(ExtensibilityGlobals) = postSolution
		SolutionGuid = {122903D6-D510-4669-90BE-BD458DA03BCE}
	EndGlobalSection
EndGlobal
